
Microsoft Visual Studio Solution File, Format Version 12.00
# Visual Studio Version 17
VisualStudioVersion = 17.8.34330.188
MinimumVisualStudioVersion = 10.0.40219.1
Project("{FAE04EC0-301F-11D3-BF4B-00C04F79EFBC}") = "DemoWebSocketProtocolImplementation", "DemoWebSocketProtocolImplementation\DemoWebSocketProtocolImplementation.csproj", "{9C2AF39C-ADD4-4B94-80C4-F99C7E090A24}"
EndProject
Project("{2150E333-8FDC-42A3-9474-1A3956D46DE8}") = "Solution Items", "Solution Items", "{2FA8C950-0B6A-422C-B0B1-73B63C180D28}"
	ProjectSection(SolutionItems) = preProject
		README.md = README.md
	EndProjectSection
EndProject
Global
	GlobalSection(SolutionConfigurationPlatforms) = preSolution
		Debug|Any CPU = Debug|Any CPU
		Release|Any CPU = Release|Any CPU
	EndGlobalSection
	GlobalSection(ProjectConfigurationPlatforms) = postSolution
		{9C2AF39C-ADD4-4B94-80C4-F99C7E090A24}.Debug|Any CPU.ActiveCfg = Debug|Any CPU
		{9C2AF39C-ADD4-4B94-80C4-F99C7E090A24}.Debug|Any CPU.Build.0 = Debug|Any CPU
		{9C2AF39C-ADD4-4B94-80C4-F99C7E090A24}.Release|Any CPU.ActiveCfg = Release|Any CPU
		{9C2AF39C-ADD4-4B94-80C4-F99C7E090A24}.Release|Any CPU.Build.0 = Release|Any CPU
	EndGlobalSection
	GlobalSection(SolutionProperties) = preSolution
		HideSolutionNode = FALSE
	EndGlobalSection
	GlobalSection(ExtensibilityGlobals) = postSolution
		SolutionGuid = {288D66FD-5846-4FF2-961E-2E96FA3DCCBF}
	EndGlobalSection
EndGlobal
